
Microsoft Visual Studio Solution File, Format Version 12.00
# Visual Studio Version 17
VisualStudioVersion = 17.7.34202.233
MinimumVisualStudioVersion = 10.0.40219.1
Project("{FAE04EC0-301F-11D3-BF4B-00C04F79EFBC}") = "SyncExample", "SyncExample\SyncExample.csproj", "{0D295D3E-22E7-4D34-AA77-6772AE5D15FD}"
EndProject
Global
	GlobalSection(SolutionConfigurationPlatforms) = preSolution
		Debug|Any CPU = Debug|Any CPU
		Release|Any CPU = Release|Any CPU
	EndGlobalSection
	GlobalSection(ProjectConfigurationPlatforms) = postSolution
		{0D295D3E-22E7-4D34-AA77-6772AE5D15FD}.Debug|Any CPU.ActiveCfg = Debug|Any CPU
		{0D295D3E-22E7-4D34-AA77-6772AE5D15FD}.Debug|Any CPU.Build.0 = Debug|Any CPU
		{0D295D3E-22E7-4D34-AA77-6772AE5D15FD}.Release|Any CPU.ActiveCfg = Release|Any CPU
		{0D295D3E-22E7-4D34-AA77-6772AE5D15FD}.Release|Any CPU.Build.0 = Release|Any CPU
	EndGlobalSection
	GlobalSection(SolutionProperties) = preSolution
		HideSolutionNode = FALSE
	EndGlobalSection
	GlobalSection(ExtensibilityGlobals) = postSolution
		SolutionGuid = {854F3199-22F5-4156-A377-6C9CCFD87E11}
	EndGlobalSection
EndGlobal
